{
    "_meta": {
        "hash": {
            "sha256": "13d63d72cf2e02f61c38ca819e3e10b3a971cf400ca9b2e79fdbbb19d4ce74a7"
        },
        "host-environment-markers": {
            "implementation_name": "cpython",
            "implementation_version": "3.6.3",
            "os_name": "posix",
            "platform_machine": "x86_64",
            "platform_python_implementation": "CPython",
            "platform_release": "4.9.0-2-amd64",
            "platform_system": "Linux",
            "platform_version": "#1 SMP Debian 4.9.18-1 (2017-03-30)",
            "python_full_version": "3.6.3+",
            "python_version": "3.6",
            "sys_platform": "linux"
        },
        "pipfile-spec": 6,
        "requires": {
            "python_version": "3.6"
        },
        "sources": [
            {
                "name": "pypi",
                "url": "https://pypi.python.org/simple",
                "verify_ssl": true
            }
        ]
    },
    "default": {
        "certifi": {
            "hashes": [
                "sha256:244be0d93b71e93fc0a0a479862051414d0e00e16435707e5bf5000f92e04694",
                "sha256:5ec74291ca1136b40f0379e1128ff80e866597e4e2c1e755739a913bbc3613c0"
            ],
            "version": "==2017.11.5"
        },
        "chardet": {
            "hashes": [
                "sha256:fc323ffcaeaed0e0a02bf4d117757b98aed530d9ed4531e3e15460124c106691",
                "sha256:84ab92ed1c4d4f16916e05906b6b75a6c0fb5db821cc65e70cbd64a3e2a5eaae"
            ],
            "version": "==3.0.4"
        },
        "click": {
            "hashes": [
                "sha256:29f99fc6125fbc931b758dc053b3114e55c77a6e4c6c3a2674a2dc986016381d",
                "sha256:f15516df478d5a56180fbf80e68f206010e6d160fc39fa508b65e035fd75130b"
            ],
            "version": "==6.7"
        },
        "cycler": {
            "hashes": [
                "sha256:1d8a5ae1ff6c5cf9b93e8811e581232ad8920aeec647c37316ceac982b08cb2d",
                "sha256:cd7b2d1018258d7247a71425e9f26463dfb444d411c39569972f4ce586b0c9d8"
            ],
            "version": "==0.10.0"
        },
        "flask": {
            "hashes": [
                "sha256:0749df235e3ff61ac108f69ac178c9770caeaccad2509cb762ce1f65570a8856",
                "sha256:49f44461237b69ecd901cc7ce66feea0319b9158743dd27a2899962ab214dac1"
            ],
            "version": "==0.12.2"
        },
        "gevent": {
            "hashes": [
                "sha256:9b492bb1a043540abb6e54fdb5537531e24962ca49c09f3b47dc4f9c37f6297c",
                "sha256:de13a8e378103af84a8bf6015ad1d2761d46f29b8393e8dd6d9bb7cb51bbb713",
                "sha256:deafd70d04ab62428d4e291e8e2c0fb22f38690e6a9f23a67ee6c304087634da",
                "sha256:b67a10799923f9fed546ca5f8b93a2819c71a60132d7a97b4a13fbdab66b278a",
                "sha256:35790f1a3c8e431ada3471b70bb2105050009ea4beb15cbe41b86bc716a7ffa9",
                "sha256:c9dd6534c46ed782e2d7236767cd07115cb29ce8670c2fc0794f264de9024fe0",
                "sha256:b7e0e6400c2f3ce78a9ae1cdd55b53166feedd003d60c033863881227129a4d3",
                "sha256:0901975628790e8a57fc92bb7062e5b856edea48c8de9caf36cfda14eae07329",
                "sha256:df52e06a2754c2d905aad75a7dc06a732c804d9edbc87f06f47c8f483ba98bca",
                "sha256:70558dd45c7a1f8046ba45792e489dd0f409bd8a3b7a0635ca9d3055223b3dff",
                "sha256:8a710eddb3e9e5f22bdbd458b5f211b94f59409ecd6896f15b9fee2cba266a59",
                "sha256:60109741377367eef8ded9283a1bf629621b73acaf3e1e8aac9d1a0f50fa0f05",
                "sha256:552719cec4721673b8c7d2f9de666e3f7591b9b182f801ecaef1c76e638052aa",
                "sha256:a16db4f56699ef07f0249b953ff949aae641e50b2bdc4710f11c0d8d9089b296",
                "sha256:59e9237af027f8db85e5d78a9da2e328ae96f01d67a0d62abcecad3db7876908",
                "sha256:833bebdc36bfeeedefc200ca9aee9b8eddd80f56b63ca1e886e18b97b1240edd",
                "sha256:81cb24e0f7bd9888596364e8d8ed0d65c2547c84884c67bb46d956faeed67396",
                "sha256:1af93825db5753550fa8ff5ab2f2132e8733170b3f8d38347b34fa4a984cb624",
                "sha256:2ff045a91509c35664c27a849c8cbf742a227f587b7cdbc88301e9c85dcaedff",
                "sha256:a66cf99f08da65c501826a19e30f5a6e7ba942fdd79baba5ce2d51eebaa13444",
                "sha256:4791c8ae9c57d6f153354736e1ccab1e2baf6c8d9ae5a77a9ac90f41e2966b2d",
                "sha256:74bce0c30bb2240e3d5d515ba8cb3eadf840c2bde7109a1979c7a26c9d0f5a6a",
                "sha256:a0ed8ba787b9c0c1c565c2675d71652e6c1e2d4e91f53530860d0303e867fe85",
                "sha256:c35b29de49211014ec66d056fd4f9ba7a04795e2a654697f72879c0cf365d6d4",
                "sha256:6892fabc9051e8c0a171d543b6536859aabeb6d169db79b2f45d64dc2a15808c",
                "sha256:fce894a64db3911897cdad6c37fbb23dfb18b7bf8b9cb8c00a8ea0a7253651c9",
                "sha256:4f098002126ebef7f2907188b6c8b09e5193161ce968847d9e6a8bc832b0db9a",
                "sha256:33fa6759eabc9176ddbe0d29b66867a82e19a61f06eb7cfabbac35343c0ecf24",
                "sha256:7f93b67b680f4a921f517294048d05f8f6f0ed5962b78d6685a6cf0fcd7d8202"
            ],
            "version": "==1.2.2"
        },
        "greenlet": {
            "hashes": [
                "sha256:96888e47898a471073b394ea641b7d675c1d054c580dd4a04a382bd34e67d89e",
                "sha256:d2d5103f6cba131e1be660230018e21f276911d2b68b629ead1c5cb5e5472ac7",
                "sha256:bc339de0e0969de5118d0b62a080a7611e2ba729a90f4a3ad78559c51bc5576d",
                "sha256:b8ab98f8ae25938326dc4c21e3689a933531500ae4f3bfcefe36e3e25fda4dbf",
                "sha256:416a3328d7e0a19aa1df3ec09524a109061fd7b80e010ef0dff9f695b4ac5e20",
                "sha256:21232907c8c26838b16915bd8fbbf82fc70c996073464cc70981dd4a96bc841c",
                "sha256:6803d8c6b235c861c50afddf00c7467ffbcd5ab960d137ff0f9c36f2cb11ee4b",
                "sha256:76dab055476dd4dabb00a967b4df1990b25542d17eaa40a18f66971d10193e0b",
                "sha256:70b9ff28921f5a3c03df4896ec8c55f5f94c593d7a79abd98b4c5c4a692ba873",
                "sha256:7114b757b4146f4c87a0f00f1e58abd4c4729836679af0fc37266910a4a72eb0",
                "sha256:0d90c709355ed13f16676f84e5a9cd67826a9f5c5143381c21e8fc3100ade1f1",
                "sha256:ebae83b6247f83b1e8d887733dfa8046ce6e29d8b3e2a7380256e9de5c6ae55d",
                "sha256:e841e3ece633acae5e2bf6102140a605ffee7d5d4921dca1625c5fdc0f0b3248",
                "sha256:3e5e9be157ece49e4f97f3225460caf758ccb00f934fcbc5db34367cc1ff0aee",
                "sha256:e77b708c37b652c7501b9f8f6056b23633c567aaa0d29edfef1c11673c64b949",
                "sha256:0da1fc809c3bdb93fbacd0f921f461aacd53e554a7b7d4e9953ba09131c4206e",
                "sha256:66fa5b101fcf4521138c1a29668074268d938bbb7de739c8faa9f92ea1f05e1f",
                "sha256:e5451e1ce06b74a4861576c2db74405a4398c4809a105774550a9e52cfc8c4da",
                "sha256:9c407aa6adfd4eea1232e81aa9f3cb3d9b955a9891c4819bf9b498c77efba14b",
                "sha256:b56ac981f07b77e72ad5154278b93396d706572ea52c2fce79fee2abfcc8bfa6",
                "sha256:e4c99c6010a5d153d481fdaf63b8a0782825c0721506d880403a3b9b82ae347e"
            ],
            "version": "==0.4.12"
        },
        "idna": {
            "hashes": [
                "sha256:8c7309c718f94b3a625cb648ace320157ad16ff131ae0af362c9f21b80ef6ec4",
                "sha256:2c6a5de3089009e3da7c5dde64a141dbc8551d5b7f6cf4ed7c2568d0cc520a8f"
            ],
            "version": "==2.6"
        },
        "itsdangerous": {
            "hashes": [
                "sha256:cbb3fcf8d3e33df861709ecaf89d9e6629cff0a217bc2848f1b41cd30d360519"
            ],
            "version": "==0.24"
        },
        "jinja2": {
            "hashes": [
                "sha256:74c935a1b8bb9a3947c50a54766a969d4846290e1e788ea44c1392163723c3bd",
                "sha256:f84be1bb0040caca4cea721fcbbbbd61f9be9464ca236387158b0feea01914a4"
            ],
            "version": "==2.10"
        },
        "markupsafe": {
            "hashes": [
                "sha256:a6be69091dac236ea9c6bc7d012beab42010fa914c459791d627dad4910eb665"
            ],
            "version": "==1.0"
        },
        "matplotlib": {
            "hashes": [
                "sha256:5dd88c429e548461d90c4f1640dec4b5b9e24fcfcf2a8f9c9b7e6875bf069561",
                "sha256:4d97abe64b8c1880f5d256aa8bbb7f084b531ac4081749e8078aa0ceb9c99bd6",
                "sha256:44737d5f70318db9c4f8c3e70e5afa3033b488c47e153b449c99fcbcdd9b245b",
                "sha256:e148bf2a4f43544fd0456a5f0aec826fd0ec057c11ead98f037f5b1dd3829269",
                "sha256:2e261e6fa9b4d9f85f82d349a9bb9d7f6aaad32bf4b40f68c84d92dcc1ce4f65",
                "sha256:f3b1f3e9b4958c3de5ca2d1c8c99d894b2f2253c24861d23d22f584de1186525",
                "sha256:509d3930a1b652dc29d00f3da657e1ddeded3ab9166c27f4c8f01d768b23edb8",
                "sha256:d725037c52ba7d11baaf9293ee4ef3946dd3324f4976f26cc56553cadde3999c",
                "sha256:401b86892d3989e8c0df3b6959a896c87e4b371503a360982ea9a0637404b1f5",
                "sha256:375d27ce83c8e4171fb866f234f0e700ac94c12f5f6faaa325ca334fbe6306b8",
                "sha256:071fe9e21e7bc8b9ec73510d6fe1245f1ca2c7e3f2ea9aff8f328d9cf194a9a2",
                "sha256:b6db15a8ed3b3ca91302213a2ee10f0e0ef2575286cc5c4aa17850ae60501f72",
                "sha256:193439cfb4748351b9ad8a3b23b636deb66bf5ebbc3112910934bf56705197e1",
                "sha256:184aee69dbb67194de664fd31a8025c60e9d6cadb925d1ea584f2893fd2e1ce9",
                "sha256:3329e15fddc442a1fa620c2437aa63340bed8bb1f5fe659b602695339213d4e8",
                "sha256:d9434f2b27c9c9ad307a5ac46b2eb939eee954dad58debc8d666ca4bdcd83a4c",
                "sha256:d98e688f68634cafa51b0b4f6bd5417db3fbb47090e3dcfd9f3a46c6f3132eb0",
                "sha256:d798e54d041d69227ed2b8365f4741eae333823de5d9e4b82c6d09052a2a597d"
            ],
            "version": "==2.1.0rc1"
        },
        "numpy": {
            "hashes": [
                "sha256:910e7ae5eeee8d322775187692c5c66719cd58d230fbfd57245ea3cf75716910",
                "sha256:f5c9ca457057cd5e12ddab36cded8b1f38bf1f45bf550d4ca2839b11ec57f597",
                "sha256:d29e72413b66df23c75b9b469253c823698ea2e00f58e9e0df64b7a50696e8ac",
                "sha256:539345898a4ae17421c159ae2a350901a5e6ce3da8f24168c6c67b3536e13de8",
                "sha256:929928932f91082a168e36984179deddd58f8e98822ad2f33a2955d7c4eec596",
                "sha256:62b09f3d1ea01d79c16a6642cb21599f53b9338c59971b2418a573155d2202ec",
                "sha256:c4b1914d86c43399438518a2ac8bcba2fb64dd5a18efddded3783b9daae70933",
                "sha256:6c6feb0647380db6e1d5d49ef9fb59c42240f25fb8df8b6e82ecb436c7e0621a",
                "sha256:da2f47e46d7a93b73891d1981378717dc73c6ad5cc4fd23c934bfea7847fa958",
                "sha256:4c767b6d9c9a071bb36ea34eb240ee5192fe0bc4c13be5e6c51e0350a30f7ac0",
                "sha256:b2f98838f4bbc3bf23af7e97ffcad18a2dc6bbb0726796781e02b9347af6685f",
                "sha256:11fcbed36c101a3b9c4636e791efccba82409ebbedaba938c97be8bdddd029cc",
                "sha256:8969c8f987f8bcc3e30c014532cfc20e4a8f86a50c361596e086310853adacb7",
                "sha256:2875e8055a1ea8d933b1c9d0f8714c0aa11c097bfadfcb8564c4d868fbf09a41",
                "sha256:09b87d652c03508447d0f618e1d3ae57595acd3e0f0c11ac91bf68ed7bdb3a28",
                "sha256:9cad35b911e150f00bb8080950c7e9f172714bbd0234f5ab74b4e3e2d9288b37",
                "sha256:479863de17f66810db00bccf35289555365da45d3b053ccf539b95ab3b9c24f6",
                "sha256:b162c6b044960b4ea0f42be049ce2af1d18c60f82748f0a27bd5ad182a731bf3",
                "sha256:fa656dccfa9141774440575a6e7875d08b93f4a332eb5ae40877b26bed291c01",
                "sha256:7dfa5b49fb2a080bd0d39bfbcff1177bacb14fcb28c857fd65fd0c18938935de",
                "sha256:e8e0e75db757e41463888939d26c8058b4ecd25e563c597e9119f512dc0ee1da",
                "sha256:c8dc6aa96882df6323bf9545934e37c6e05959bd789ae4b14d50509b093907aa",
                "sha256:36ee86d5adbabc4fa2643a073f93d5504bdfed37a149a3a49f4dde259f35a750"
            ],
            "version": "==1.13.3"
        },
        "pyee": {
            "hashes": [
                "sha256:47f8fa96d6dee61c82001831e1fbba55f3f808003a322d0e6653aa01c59f6b9e",
                "sha256:4ec22817297b7024f89721cc34f790ee2767c5b5ca44284c565ee643abafbe32"
            ],
            "version": "==5.0.0"
        },
        "pyparsing": {
            "hashes": [
                "sha256:fee43f17a9c4087e7ed1605bd6df994c6173c1e977d7ade7b651292fab2bd010",
                "sha256:0832bcf47acd283788593e7a0f542407bd9550a55a8a8435214a1960e04bcb04",
                "sha256:9e8143a3e15c13713506886badd96ca4b579a87fbdf49e550dbfc057d6cb218e",
                "sha256:281683241b25fe9b80ec9d66017485f6deff1af5cde372469134b56ca8447a07",
                "sha256:b8b3117ed9bdf45e14dcc89345ce638ec7e0e29b2b579fa1ecf32ce45ebac8a5",
                "sha256:8f1e18d3fd36c6795bb7e02a39fd05c611ffc2596c1e0d995d34d67630426c18",
                "sha256:e4d45427c6e20a59bf4f88c639dcc03ce30d193112047f94012102f235853a58"
            ],
            "version": "==2.2.0"
        },
        "python-dateutil": {
            "hashes": [
                "sha256:95511bae634d69bc7329ba55e646499a842bc4ec342ad54a8cdb65645a0aad3c",
                "sha256:891c38b2a02f5bb1be3e4793866c8df49c7d19baabf9c1bad62547e0b4866aca"
            ],
            "version": "==2.6.1"
        },
        "pytz": {
            "hashes": [
                "sha256:80af0f3008046b9975242012a985f04c5df1f01eed4ec1633d56cc47a75a6a48",
                "sha256:feb2365914948b8620347784b6b6da356f31c9d03560259070b2f30cff3d469d",
                "sha256:59707844a9825589878236ff2f4e0dc9958511b7ffaae94dc615da07d4a68d33",
                "sha256:d0ef5ef55ed3d37854320d4926b04a4cb42a2e88f71da9ddfdacfde8e364f027",
                "sha256:c41c62827ce9cafacd6f2f7018e4f83a6f1986e87bfd000b8cfbd4ab5da95f1a",
                "sha256:8cc90340159b5d7ced6f2ba77694d946fc975b09f1a51d93f3ce3bb399396f94",
                "sha256:dd2e4ca6ce3785c8dd342d1853dd9052b19290d5bf66060846e5dc6b8d6667f7",
                "sha256:699d18a2a56f19ee5698ab1123bbcc1d269d061996aeb1eda6d89248d3542b82",
                "sha256:fae4cffc040921b8a2d60c6cf0b5d662c1190fe54d718271db4eb17d44a185b7"
            ],
            "version": "==2017.3"
        },
        "requests": {
            "hashes": [
                "sha256:6a1b267aa90cac58ac3a765d067950e7dbbf75b1da07e895d1f594193a40a38b",
                "sha256:9c443e7324ba5b85070c4a818ade28bfabedf16ea10206da1132edaa6dda237e"
            ],
            "version": "==2.18.4"
        },
        "six": {
            "hashes": [
                "sha256:832dc0e10feb1aa2c68dcc57dbb658f1c7e65b9b61af69048abc87a2db00a0eb",
                "sha256:70e8a77beed4562e7f14fe23a786b54f6296e34344c23bc42f07b15018ff98e9"
            ],
            "version": "==1.11.0"
        },
        "slackclient": {
            "hashes": [
                "sha256:5d789e5f5f8c4d57052e946701fcf9d6d45e0db6dfd2b163707517cccede52fb"
            ],
            "version": "==1.1.0"
        },
        "slackeventsapi": {
            "hashes": [
                "sha256:ce44a51be82ca4c661c4b92cc18f62c51e45a8a08e977206aaa1462be3cb287d"
            ],
            "version": "==1.0.0"
        },
        "urllib3": {
            "hashes": [
                "sha256:06330f386d6e4b195fbfc736b297f58c5a892e4440e54d294d7004e3a9bbea1b",
                "sha256:cc44da8e1145637334317feebd728bd869a35285b93cbb4cca2577da7e62db4f"
            ],
            "version": "==1.22"
        },
        "websocket-client": {
            "hashes": [
                "sha256:91222bb3a22ba989ac87eec9121655f295dcb746b6207c5576ffa549ab69302c",
                "sha256:15f585566e2ea7459136a632b9785aa081093064391878a448c382415e948d72"
            ],
            "version": "==0.44.0"
        },
        "werkzeug": {
            "hashes": [
                "sha256:e8549c143af3ce6559699a01e26fa4174f4c591dbee0a499f3cd4c3781cdec3d",
                "sha256:903a7b87b74635244548b30d30db4c8947fe64c5198f58899ddcd3a13c23bb26"
            ],
            "version": "==0.12.2"
        }
    },
    "develop": {
        "-e .": {
            "editable": true,
            "path": "."
        }
    }
}
